
Microsoft Visual Studio Solution File, Format Version 12.00
# Visual Studio Version 17
VisualStudioVersion = 17.10.34916.146
MinimumVisualStudioVersion = 10.0.40219.1
Project("{FAE04EC0-301F-11D3-BF4B-00C04F79EFBC}") = "BlazorMovie", "BlazorMovie.csproj", "{3366131E-E5A9-42BD-B8D0-E0588EEFF091}"
EndProject
Project("{FAE04EC0-301F-11D3-BF4B-00C04F79EFBC}") = "BlazorMovie.Server", "..\BlazorMovie.Server\BlazorMovie.Server.csproj", "{086E7245-06CB-4344-81BD-FF80DC4E7666}"
EndProject
Project("{FAE04EC0-301F-11D3-BF4B-00C04F79EFBC}") = "BlazorMovie.Shared", "..\BlazorMovie.Shared\BlazorMovie.Shared.csproj", "{A953C2F7-2430-48BC-9D2E-97523C23F4B6}"
EndProject
Global
	GlobalSection(SolutionConfigurationPlatforms) = preSolution
		Debug|Any CPU = Debug|Any CPU
		Release|Any CPU = Release|Any CPU
	EndGlobalSection
	GlobalSection(ProjectConfigurationPlatforms) = postSolution
		{3366131E-E5A9-42BD-B8D0-E0588EEFF091}.Debug|Any CPU.ActiveCfg = Debug|Any CPU
		{3366131E-E5A9-42BD-B8D0-E0588EEFF091}.Debug|Any CPU.Build.0 = Debug|Any CPU
		{3366131E-E5A9-42BD-B8D0-E0588EEFF091}.Release|Any CPU.ActiveCfg = Release|Any CPU
		{3366131E-E5A9-42BD-B8D0-E0588EEFF091}.Release|Any CPU.Build.0 = Release|Any CPU
		{086E7245-06CB-4344-81BD-FF80DC4E7666}.Debug|Any CPU.ActiveCfg = Debug|Any CPU
		{086E7245-06CB-4344-81BD-FF80DC4E7666}.Debug|Any CPU.Build.0 = Debug|Any CPU
		{086E7245-06CB-4344-81BD-FF80DC4E7666}.Release|Any CPU.ActiveCfg = Release|Any CPU
		{086E7245-06CB-4344-81BD-FF80DC4E7666}.Release|Any CPU.Build.0 = Release|Any CPU
		{A953C2F7-2430-48BC-9D2E-97523C23F4B6}.Debug|Any CPU.ActiveCfg = Debug|Any CPU
		{A953C2F7-2430-48BC-9D2E-97523C23F4B6}.Debug|Any CPU.Build.0 = Debug|Any CPU
		{A953C2F7-2430-48BC-9D2E-97523C23F4B6}.Release|Any CPU.ActiveCfg = Release|Any CPU
		{A953C2F7-2430-48BC-9D2E-97523C23F4B6}.Release|Any CPU.Build.0 = Release|Any CPU
	EndGlobalSection
	GlobalSection(SolutionProperties) = preSolution
		HideSolutionNode = FALSE
	EndGlobalSection
	GlobalSection(ExtensibilityGlobals) = postSolution
		SolutionGuid = {360578C6-A253-4D04-BF12-55393C8FD19A}
	EndGlobalSection
EndGlobal
